// !$*UTF8*$!
{
	archiveVersion = 1;
	classes = {
	};
	objectVersion = 50;
	objects = {

/* Begin PBXBuildFile section */
		57673DBC23908E7C00D70897 /* AppDelegate.swift in Sources */ = {isa = PBXBuildFile; fileRef = 57673DBB23908E7C00D70897 /* AppDelegate.swift */; };
		57673DBE23908E7C00D70897 /* SceneDelegate.swift in Sources */ = {isa = PBXBuildFile; fileRef = 57673DBD23908E7C00D70897 /* SceneDelegate.swift */; };
		57673DC123908E7C00D70897 /* SuperHero.xcdatamodeld in Sources */ = {isa = PBXBuildFile; fileRef = 57673DBF23908E7C00D70897 /* SuperHero.xcdatamodeld */; };
		57673DC323908E7C00D70897 /* ContentView.swift in Sources */ = {isa = PBXBuildFile; fileRef = 57673DC223908E7C00D70897 /* ContentView.swift */; };
		57673DC523908E7E00D70897 /* Assets.xcassets in Resources */ = {isa = PBXBuildFile; fileRef = 57673DC423908E7E00D70897 /* Assets.xcassets */; };
		57673DC823908E7E00D70897 /* Preview Assets.xcassets in Resources */ = {isa = PBXBuildFile; fileRef = 57673DC723908E7E00D70897 /* Preview Assets.xcassets */; };
		57673DCB23908E7E00D70897 /* LaunchScreen.storyboard in Resources */ = {isa = PBXBuildFile; fileRef = 57673DC923908E7E00D70897 /* LaunchScreen.storyboard */; };
		57673DD423908F6700D70897 /* SuperHeroItem.swift in Sources */ = {isa = PBXBuildFile; fileRef = 57673DD323908F6700D70897 /* SuperHeroItem.swift */; };
		57673DD72390915100D70897 /* SuperHeroItemView.swift in Sources */ = {isa = PBXBuildFile; fileRef = 57673DD62390915100D70897 /* SuperHeroItemView.swift */; };
		57673DD9239092A200D70897 /* AboutSuperHeroView.swift in Sources */ = {isa = PBXBuildFile; fileRef = 57673DD8239092A200D70897 /* AboutSuperHeroView.swift */; };
		57673DDB2390933300D70897 /* AddNewSuperHeroView.swift in Sources */ = {isa = PBXBuildFile; fileRef = 57673DDA2390933300D70897 /* AddNewSuperHeroView.swift */; };
		57673DDF2390940E00D70897 /* SuperHeroViewModel.swift in Sources */ = {isa = PBXBuildFile; fileRef = 57673DDE2390940E00D70897 /* SuperHeroViewModel.swift */; };
		57673DE12390949400D70897 /* SuperHero.swift in Sources */ = {isa = PBXBuildFile; fileRef = 57673DE02390949400D70897 /* SuperHero.swift */; };
		57673DE3239095CE00D70897 /* SuperHeroSelectedViewModel.swift in Sources */ = {isa = PBXBuildFile; fileRef = 57673DE2239095CE00D70897 /* SuperHeroSelectedViewModel.swift */; };
		57673DE5239095F800D70897 /* SuperHeroService.swift in Sources */ = {isa = PBXBuildFile; fileRef = 57673DE4239095F800D70897 /* SuperHeroService.swift */; };
		57673DE72390A1D600D70897 /* icons8-batman-120.png in Resources */ = {isa = PBXBuildFile; fileRef = 57673DE62390A1D600D70897 /* icons8-batman-120.png */; };
		57673DE92390A34A00D70897 /* icons8-batman-120-2.png in Resources */ = {isa = PBXBuildFile; fileRef = 57673DE82390A34900D70897 /* icons8-batman-120-2.png */; };
/* End PBXBuildFile section */

/* Begin PBXFileReference section */
		57673DB823908E7C00D70897 /* SuperHero.app */ = {isa = PBXFileReference; explicitFileType = wrapper.application; includeInIndex = 0; path = SuperHero.app; sourceTree = BUILT_PRODUCTS_DIR; };
		57673DBB23908E7C00D70897 /* AppDelegate.swift */ = {isa = PBXFileReference; lastKnownFileType = sourcecode.swift; path = AppDelegate.swift; sourceTree = "<group>"; };
		57673DBD23908E7C00D70897 /* SceneDelegate.swift */ = {isa = PBXFileReference; lastKnownFileType = sourcecode.swift; path = SceneDelegate.swift; sourceTree = "<group>"; };
		57673DC023908E7C00D70897 /* SuperHero.xcdatamodel */ = {isa = PBXFileReference; lastKnownFileType = wrapper.xcdatamodel; path = SuperHero.xcdatamodel; sourceTree = "<group>"; };
		57673DC223908E7C00D70897 /* ContentView.swift */ = {isa = PBXFileReference; lastKnownFileType = sourcecode.swift; path = ContentView.swift; sourceTree = "<group>"; };
		57673DC423908E7E00D70897 /* Assets.xcassets */ = {isa = PBXFileReference; lastKnownFileType = folder.assetcatalog; path = Assets.xcassets; sourceTree = "<group>"; };
		57673DC723908E7E00D70897 /* Preview Assets.xcassets */ = {isa = PBXFileReference; lastKnownFileType = folder.assetcatalog; path = "Preview Assets.xcassets"; sourceTree = "<group>"; };
		57673DCA23908E7E00D70897 /* Base */ = {isa = PBXFileReference; lastKnownFileType = file.storyboard; name = Base; path = Base.lproj/LaunchScreen.storyboard; sourceTree = "<group>"; };
		57673DCC23908E7E00D70897 /* Info.plist */ = {isa = PBXFileReference; lastKnownFileType = text.plist.xml; path = Info.plist; sourceTree = "<group>"; };
		57673DD323908F6700D70897 /* SuperHeroItem.swift */ = {isa = PBXFileReference; lastKnownFileType = sourcecode.swift; path = SuperHeroItem.swift; sourceTree = "<group>"; };
		57673DD62390915100D70897 /* SuperHeroItemView.swift */ = {isa = PBXFileReference; lastKnownFileType = sourcecode.swift; path = SuperHeroItemView.swift; sourceTree = "<group>"; };
		57673DD8239092A200D70897 /* AboutSuperHeroView.swift */ = {isa = PBXFileReference; lastKnownFileType = sourcecode.swift; path = AboutSuperHeroView.swift; sourceTree = "<group>"; };
		57673DDA2390933300D70897 /* AddNewSuperHeroView.swift */ = {isa = PBXFileReference; lastKnownFileType = sourcecode.swift; path = AddNewSuperHeroView.swift; sourceTree = "<group>"; };
		57673DDE2390940E00D70897 /* SuperHeroViewModel.swift */ = {isa = PBXFileReference; lastKnownFileType = sourcecode.swift; path = SuperHeroViewModel.swift; sourceTree = "<group>"; };
		57673DE02390949400D70897 /* SuperHero.swift */ = {isa = PBXFileReference; lastKnownFileType = sourcecode.swift; path = SuperHero.swift; sourceTree = "<group>"; };
		57673DE2239095CE00D70897 /* SuperHeroSelectedViewModel.swift */ = {isa = PBXFileReference; lastKnownFileType = sourcecode.swift; path = SuperHeroSelectedViewModel.swift; sourceTree = "<group>"; };
		57673DE4239095F800D70897 /* SuperHeroService.swift */ = {isa = PBXFileReference; lastKnownFileType = sourcecode.swift; path = SuperHeroService.swift; sourceTree = "<group>"; };
		57673DE62390A1D600D70897 /* icons8-batman-120.png */ = {isa = PBXFileReference; lastKnownFileType = image.png; name = "icons8-batman-120.png"; path = "../../../Downloads/icons8-batman-120.png"; sourceTree = "<group>"; };
		57673DE82390A34900D70897 /* icons8-batman-120-2.png */ = {isa = PBXFileReference; lastKnownFileType = image.png; name = "icons8-batman-120-2.png"; path = "../../../Downloads/icons8-batman-120-2.png"; sourceTree = "<group>"; };
/* End PBXFileReference section */

/* Begin PBXFrameworksBuildPhase section */
		57673DB523908E7C00D70897 /* Frameworks */ = {
			isa = PBXFrameworksBuildPhase;
			buildActionMask = 2147483647;
			files = (
			);
			runOnlyForDeploymentPostprocessing = 0;
		};
/* End PBXFrameworksBuildPhase section */

/* Begin PBXGroup section */
		57673DAF23908E7C00D70897 = {
			isa = PBXGroup;
			children = (
				57673DBA23908E7C00D70897 /* SuperHero */,
				57673DB923908E7C00D70897 /* Products */,
			);
			sourceTree = "<group>";
		};
		57673DB923908E7C00D70897 /* Products */ = {
			isa = PBXGroup;
			children = (
				57673DB823908E7C00D70897 /* SuperHero.app */,
			);
			name = Products;
			sourceTree = "<group>";
		};
		57673DBA23908E7C00D70897 /* SuperHero */ = {
			isa = PBXGroup;
			children = (
				57673DDD239093DB00D70897 /* Services */,
				57673DDC239093D400D70897 /* ViewModels */,
				57673DD52390913200D70897 /* Views */,
				57673DD223908F4C00D70897 /* Models */,
				57673DBB23908E7C00D70897 /* AppDelegate.swift */,
				57673DBD23908E7C00D70897 /* SceneDelegate.swift */,
				57673DC423908E7E00D70897 /* Assets.xcassets */,
				57673DC923908E7E00D70897 /* LaunchScreen.storyboard */,
				57673DCC23908E7E00D70897 /* Info.plist */,
				57673DE82390A34900D70897 /* icons8-batman-120-2.png */,
				57673DE62390A1D600D70897 /* icons8-batman-120.png */,
				57673DBF23908E7C00D70897 /* SuperHero.xcdatamodeld */,
				57673DC623908E7E00D70897 /* Preview Content */,
			);
			path = SuperHero;
			sourceTree = "<group>";
		};
		57673DC623908E7E00D70897 /* Preview Content */ = {
			isa = PBXGroup;
			children = (
				57673DC723908E7E00D70897 /* Preview Assets.xcassets */,
			);
			path = "Preview Content";
			sourceTree = "<group>";
		};
		57673DD223908F4C00D70897 /* Models */ = {
			isa = PBXGroup;
			children = (
				57673DD323908F6700D70897 /* SuperHeroItem.swift */,
				57673DE02390949400D70897 /* SuperHero.swift */,
			);
			path = Models;
			sourceTree = "<group>";
		};
		57673DD52390913200D70897 /* Views */ = {
			isa = PBXGroup;
			children = (
				57673DC223908E7C00D70897 /* ContentView.swift */,
				57673DD62390915100D70897 /* SuperHeroItemView.swift */,
				57673DD8239092A200D70897 /* AboutSuperHeroView.swift */,
				57673DDA2390933300D70897 /* AddNewSuperHeroView.swift */,
			);
			path = Views;
			sourceTree = "<group>";
		};
		57673DDC239093D400D70897 /* ViewModels */ = {
			isa = PBXGroup;
			children = (
				57673DDE2390940E00D70897 /* SuperHeroViewModel.swift */,
				57673DE2239095CE00D70897 /* SuperHeroSelectedViewModel.swift */,
			);
			path = ViewModels;
			sourceTree = "<group>";
		};
		57673DDD239093DB00D70897 /* Services */ = {
			isa = PBXGroup;
			children = (
				57673DE4239095F800D70897 /* SuperHeroService.swift */,
			);
			path = Services;
			sourceTree = "<group>";
		};
/* End PBXGroup section */

/* Begin PBXNativeTarget section */
		57673DB723908E7C00D70897 /* SuperHero */ = {
			isa = PBXNativeTarget;
			buildConfigurationList = 57673DCF23908E7E00D70897 /* Build configuration list for PBXNativeTarget "SuperHero" */;
			buildPhases = (
				57673DB423908E7C00D70897 /* Sources */,
				57673DB523908E7C00D70897 /* Frameworks */,
				57673DB623908E7C00D70897 /* Resources */,
			);
			buildRules = (
			);
			dependencies = (
			);
			name = SuperHero;
			productName = SuperHero;
			productReference = 57673DB823908E7C00D70897 /* SuperHero.app */;
			productType = "com.apple.product-type.application";
		};
/* End PBXNativeTarget section */

/* Begin PBXProject section */
		57673DB023908E7C00D70897 /* Project object */ = {
			isa = PBXProject;
			attributes = {
				LastSwiftUpdateCheck = 1110;
				LastUpgradeCheck = 1110;
				ORGANIZATIONNAME = UPC;
				TargetAttributes = {
					57673DB723908E7C00D70897 = {
						CreatedOnToolsVersion = 11.1;
					};
				};
			};
			buildConfigurationList = 57673DB323908E7C00D70897 /* Build configuration list for PBXProject "SuperHero" */;
			compatibilityVersion = "Xcode 9.3";
			developmentRegion = en;
			hasScannedForEncodings = 0;
			knownRegions = (
				en,
				Base,
			);
			mainGroup = 57673DAF23908E7C00D70897;
			productRefGroup = 57673DB923908E7C00D70897 /* Products */;
			projectDirPath = "";
			projectRoot = "";
			targets = (
				57673DB723908E7C00D70897 /* SuperHero */,
			);
		};
/* End PBXProject section */

/* Begin PBXResourcesBuildPhase section */
		57673DB623908E7C00D70897 /* Resources */ = {
			isa = PBXResourcesBuildPhase;
			buildActionMask = 2147483647;
			files = (
				57673DE92390A34A00D70897 /* icons8-batman-120-2.png in Resources */,
				57673DE72390A1D600D70897 /* icons8-batman-120.png in Resources */,
				57673DCB23908E7E00D70897 /* LaunchScreen.storyboard in Resources */,
				57673DC823908E7E00D70897 /* Preview Assets.xcassets in Resources */,
				57673DC523908E7E00D70897 /* Assets.xcassets in Resources */,
			);
			runOnlyForDeploymentPostprocessing = 0;
		};
/* End PBXResourcesBuildPhase section */

/* Begin PBXSourcesBuildPhase section */
		57673DB423908E7C00D70897 /* Sources */ = {
			isa = PBXSourcesBuildPhase;
			buildActionMask = 2147483647;
			files = (
				57673DD423908F6700D70897 /* SuperHeroItem.swift in Sources */,
				57673DD72390915100D70897 /* SuperHeroItemView.swift in Sources */,
				57673DBC23908E7C00D70897 /* AppDelegate.swift in Sources */,
				57673DDF2390940E00D70897 /* SuperHeroViewModel.swift in Sources */,
				57673DBE23908E7C00D70897 /* SceneDelegate.swift in Sources */,
				57673DE12390949400D70897 /* SuperHero.swift in Sources */,
				57673DC323908E7C00D70897 /* ContentView.swift in Sources */,
				57673DC123908E7C00D70897 /* SuperHero.xcdatamodeld in Sources */,
				57673DE3239095CE00D70897 /* SuperHeroSelectedViewModel.swift in Sources */,
				57673DD9239092A200D70897 /* AboutSuperHeroView.swift in Sources */,
				57673DDB2390933300D70897 /* AddNewSuperHeroView.swift in Sources */,
				57673DE5239095F800D70897 /* SuperHeroService.swift in Sources */,
			);
			runOnlyForDeploymentPostprocessing = 0;
		};
/* End PBXSourcesBuildPhase section */

/* Begin PBXVariantGroup section */
		57673DC923908E7E00D70897 /* LaunchScreen.storyboard */ = {
			isa = PBXVariantGroup;
			children = (
				57673DCA23908E7E00D70897 /* Base */,
			);
			name = LaunchScreen.storyboard;
			sourceTree = "<group>";
		};
/* End PBXVariantGroup section */

/* Begin XCBuildConfiguration section */
		57673DCD23908E7E00D70897 /* Debug */ = {
			isa = XCBuildConfiguration;
			buildSettings = {
				ALWAYS_SEARCH_USER_PATHS = NO;
				CLANG_ANALYZER_NONNULL = YES;
				CLANG_ANALYZER_NUMBER_OBJECT_CONVERSION = YES_AGGRESSIVE;
				CLANG_CXX_LANGUAGE_STANDARD = "gnu++14";
				CLANG_CXX_LIBRARY = "libc++";
				CLANG_ENABLE_MODULES = YES;
				CLANG_ENABLE_OBJC_ARC = YES;
				CLANG_ENABLE_OBJC_WEAK = YES;
				CLANG_WARN_BLOCK_CAPTURE_AUTORELEASING = YES;
				CLANG_WARN_BOOL_CONVERSION = YES;
				CLANG_WARN_COMMA = YES;
				CLANG_WARN_CONSTANT_CONVERSION = YES;
				CLANG_WARN_DEPRECATED_OBJC_IMPLEMENTATIONS = YES;
				CLANG_WARN_DIRECT_OBJC_ISA_USAGE = YES_ERROR;
				CLANG_WARN_DOCUMENTATION_COMMENTS = YES;
				CLANG_WARN_EMPTY_BODY = YES;
				CLANG_WARN_ENUM_CONVERSION = YES;
				CLANG_WARN_INFINITE_RECURSION = YES;
				CLANG_WARN_INT_CONVERSION = YES;
				CLANG_WARN_NON_LITERAL_NULL_CONVERSION = YES;
				CLANG_WARN_OBJC_IMPLICIT_RETAIN_SELF = YES;
				CLANG_WARN_OBJC_LITERAL_CONVERSION = YES;
				CLANG_WARN_OBJC_ROOT_CLASS = YES_ERROR;
				CLANG_WARN_RANGE_LOOP_ANALYSIS = YES;
				CLANG_WARN_STRICT_PROTOTYPES = YES;
				CLANG_WARN_SUSPICIOUS_MOVE = YES;
				CLANG_WARN_UNGUARDED_AVAILABILITY = YES_AGGRESSIVE;
				CLANG_WARN_UNREACHABLE_CODE = YES;
				CLANG_WARN__DUPLICATE_METHOD_MATCH = YES;
				COPY_PHASE_STRIP = NO;
				DEBUG_INFORMATION_FORMAT = dwarf;
				ENABLE_STRICT_OBJC_MSGSEND = YES;
				ENABLE_TESTABILITY = YES;
				GCC_C_LANGUAGE_STANDARD = gnu11;
				GCC_DYNAMIC_NO_PIC = NO;
				GCC_NO_COMMON_BLOCKS = YES;
				GCC_OPTIMIZATION_LEVEL = 0;
				GCC_PREPROCESSOR_DEFINITIONS = (
					"DEBUG=1",
					"$(inherited)",
				);
				GCC_WARN_64_TO_32_BIT_CONVERSION = YES;
				GCC_WARN_ABOUT_RETURN_TYPE = YES_ERROR;
				GCC_WARN_UNDECLARED_SELECTOR = YES;
				GCC_WARN_UNINITIALIZED_AUTOS = YES_AGGRESSIVE;
				GCC_WARN_UNUSED_FUNCTION = YES;
				GCC_WARN_UNUSED_VARIABLE = YES;
				IPHONEOS_DEPLOYMENT_TARGET = 13.1;
				MTL_ENABLE_DEBUG_INFO = INCLUDE_SOURCE;
				MTL_FAST_MATH = YES;
				ONLY_ACTIVE_ARCH = YES;
				SDKROOT = iphoneos;
				SWIFT_ACTIVE_COMPILATION_CONDITIONS = DEBUG;
				SWIFT_OPTIMIZATION_LEVEL = "-Onone";
			};
			name = Debug;
		};
		57673DCE23908E7E00D70897 /* Release */ = {
			isa = XCBuildConfiguration;
			buildSettings = {
				ALWAYS_SEARCH_USER_PATHS = NO;
				CLANG_ANALYZER_NONNULL = YES;
				CLANG_ANALYZER_NUMBER_OBJECT_CONVERSION = YES_AGGRESSIVE;
				CLANG_CXX_LANGUAGE_STANDARD = "gnu++14";
				CLANG_CXX_LIBRARY = "libc++";
				CLANG_ENABLE_MODULES = YES;
				CLANG_ENABLE_OBJC_ARC = YES;
				CLANG_ENABLE_OBJC_WEAK = YES;
				CLANG_WARN_BLOCK_CAPTURE_AUTORELEASING = YES;
				CLANG_WARN_BOOL_CONVERSION = YES;
				CLANG_WARN_COMMA = YES;
				CLANG_WARN_CONSTANT_CONVERSION = YES;
				CLANG_WARN_DEPRECATED_OBJC_IMPLEMENTATIONS = YES;
				CLANG_WARN_DIRECT_OBJC_ISA_USAGE = YES_ERROR;
				CLANG_WARN_DOCUMENTATION_COMMENTS = YES;
				CLANG_WARN_EMPTY_BODY = YES;
				CLANG_WARN_ENUM_CONVERSION = YES;
				CLANG_WARN_INFINITE_RECURSION = YES;
				CLANG_WARN_INT_CONVERSION = YES;
				CLANG_WARN_NON_LITERAL_NULL_CONVERSION = YES;
				CLANG_WARN_OBJC_IMPLICIT_RETAIN_SELF = YES;
				CLANG_WARN_OBJC_LITERAL_CONVERSION = YES;
				CLANG_WARN_OBJC_ROOT_CLASS = YES_ERROR;
				CLANG_WARN_RANGE_LOOP_ANALYSIS = YES;
				CLANG_WARN_STRICT_PROTOTYPES = YES;
				CLANG_WARN_SUSPICIOUS_MOVE = YES;
				CLANG_WARN_UNGUARDED_AVAILABILITY = YES_AGGRESSIVE;
				CLANG_WARN_UNREACHABLE_CODE = YES;
				CLANG_WARN__DUPLICATE_METHOD_MATCH = YES;
				COPY_PHASE_STRIP = NO;
				DEBUG_INFORMATION_FORMAT = "dwarf-with-dsym";
				ENABLE_NS_ASSERTIONS = NO;
				ENABLE_STRICT_OBJC_MSGSEND = YES;
				GCC_C_LANGUAGE_STANDARD = gnu11;
				GCC_NO_COMMON_BLOCKS = YES;
				GCC_WARN_64_TO_32_BIT_CONVERSION = YES;
				GCC_WARN_ABOUT_RETURN_TYPE = YES_ERROR;
				GCC_WARN_UNDECLARED_SELECTOR = YES;
				GCC_WARN_UNINITIALIZED_AUTOS = YES_AGGRESSIVE;
				GCC_WARN_UNUSED_FUNCTION = YES;
				GCC_WARN_UNUSED_VARIABLE = YES;
				IPHONEOS_DEPLOYMENT_TARGET = 13.1;
				MTL_ENABLE_DEBUG_INFO = NO;
				MTL_FAST_MATH = YES;
				SDKROOT = iphoneos;
				SWIFT_COMPILATION_MODE = wholemodule;
				SWIFT_OPTIMIZATION_LEVEL = "-O";
				VALIDATE_PRODUCT = YES;
			};
			name = Release;
		};
		57673DD023908E7E00D70897 /* Debug */ = {
			isa = XCBuildConfiguration;
			buildSettings = {
				ASSETCATALOG_COMPILER_APPICON_NAME = AppIcon;
				CODE_SIGN_STYLE = Automatic;
				DEVELOPMENT_ASSET_PATHS = "\"SuperHero/Preview Content\"";
				DEVELOPMENT_TEAM = M789T36X4N;
				ENABLE_PREVIEWS = YES;
				INFOPLIST_FILE = SuperHero/Info.plist;
				LD_RUNPATH_SEARCH_PATHS = (
					"$(inherited)",
					"@executable_path/Frameworks",
				);
				PRODUCT_BUNDLE_IDENTIFIER = com.edu.upc.SuperHero;
				PRODUCT_NAME = "$(TARGET_NAME)";
				SWIFT_VERSION = 5.0;
				TARGETED_DEVICE_FAMILY = "1,2";
			};
			name = Debug;
		};
		57673DD123908E7E00D70897 /* Release */ = {
			isa = XCBuildConfiguration;
			buildSettings = {
				ASSETCATALOG_COMPILER_APPICON_NAME = AppIcon;
				CODE_SIGN_STYLE = Automatic;
				DEVELOPMENT_ASSET_PATHS = "\"SuperHero/Preview Content\"";
				DEVELOPMENT_TEAM = M789T36X4N;
				ENABLE_PREVIEWS = YES;
				INFOPLIST_FILE = SuperHero/Info.plist;
				LD_RUNPATH_SEARCH_PATHS = (
					"$(inherited)",
					"@executable_path/Frameworks",
				);
				PRODUCT_BUNDLE_IDENTIFIER = com.edu.upc.SuperHero;
				PRODUCT_NAME = "$(TARGET_NAME)";
				SWIFT_VERSION = 5.0;
				TARGETED_DEVICE_FAMILY = "1,2";
			};
			name = Release;
		};
/* End XCBuildConfiguration section */

/* Begin XCConfigurationList section */
		57673DB323908E7C00D70897 /* Build configuration list for PBXProject "SuperHero" */ = {
			isa = XCConfigurationList;
			buildConfigurations = (
				57673DCD23908E7E00D70897 /* Debug */,
				57673DCE23908E7E00D70897 /* Release */,
			);
			defaultConfigurationIsVisible = 0;
			defaultConfigurationName = Release;
		};
		57673DCF23908E7E00D70897 /* Build configuration list for PBXNativeTarget "SuperHero" */ = {
			isa = XCConfigurationList;
			buildConfigurations = (
				57673DD023908E7E00D70897 /* Debug */,
				57673DD123908E7E00D70897 /* Release */,
			);
			defaultConfigurationIsVisible = 0;
			defaultConfigurationName = Release;
		};
/* End XCConfigurationList section */

/* Begin XCVersionGroup section */
		57673DBF23908E7C00D70897 /* SuperHero.xcdatamodeld */ = {
			isa = XCVersionGroup;
			children = (
				57673DC023908E7C00D70897 /* SuperHero.xcdatamodel */,
			);
			currentVersion = 57673DC023908E7C00D70897 /* SuperHero.xcdatamodel */;
			path = SuperHero.xcdatamodeld;
			sourceTree = "<group>";
			versionGroupType = wrapper.xcdatamodel;
		};
/* End XCVersionGroup section */
	};
	rootObject = 57673DB023908E7C00D70897 /* Project object */;
}
